
Microsoft Visual Studio Solution File, Format Version 12.00
# Visual Studio Version 16
VisualStudioVersion = 16.0.29020.237
MinimumVisualStudioVersion = 10.0.40219.1
Project("{FAE04EC0-301F-11D3-BF4B-00C04F79EFBC}") = "Dioptric", "Dioptric\Dioptric.csproj", "{3FE4CBFE-607C-4411-8486-9AABF31DCB72}"
EndProject
Global
	GlobalSection(SolutionConfigurationPlatforms) = preSolution
		Debug|Any CPU = Debug|Any CPU
		Release|Any CPU = Release|Any CPU
	EndGlobalSection
	GlobalSection(ProjectConfigurationPlatforms) = postSolution
		{3FE4CBFE-607C-4411-8486-9AABF31DCB72}.Debug|Any CPU.ActiveCfg = Debug|Any CPU
		{3FE4CBFE-607C-4411-8486-9AABF31DCB72}.Debug|Any CPU.Build.0 = Debug|Any CPU
		{3FE4CBFE-607C-4411-8486-9AABF31DCB72}.Release|Any CPU.ActiveCfg = Release|Any CPU
		{3FE4CBFE-607C-4411-8486-9AABF31DCB72}.Release|Any CPU.Build.0 = Release|Any CPU
	EndGlobalSection
	GlobalSection(SolutionProperties) = preSolution
		HideSolutionNode = FALSE
	EndGlobalSection
	GlobalSection(ExtensibilityGlobals) = postSolution
		SolutionGuid = {48EE8A09-F276-4FEC-AE8B-E20C118A4A2C}
	EndGlobalSection
EndGlobal
